
Microsoft Visual Studio Solution File, Format Version 12.00
# Visual Studio Version 17
VisualStudioVersion = 17.14.36603.0 d17.14
MinimumVisualStudioVersion = 10.0.40219.1
Project("{FAE04EC0-301F-11D3-BF4B-00C04F79EFBC}") = "枚举练习1 12.18", "枚举练习1 12.18\枚举练习1 12.18.csproj", "{4E4DA7E1-682E-4E96-9CFD-EF455C4A8964}"
EndProject
Global
	GlobalSection(SolutionConfigurationPlatforms) = preSolution
		Debug|Any CPU = Debug|Any CPU
		Release|Any CPU = Release|Any CPU
	EndGlobalSection
	GlobalSection(ProjectConfigurationPlatforms) = postSolution
		{4E4DA7E1-682E-4E96-9CFD-EF455C4A8964}.Debug|Any CPU.ActiveCfg = Debug|Any CPU
		{4E4DA7E1-682E-4E96-9CFD-EF455C4A8964}.Debug|Any CPU.Build.0 = Debug|Any CPU
		{4E4DA7E1-682E-4E96-9CFD-EF455C4A8964}.Release|Any CPU.ActiveCfg = Release|Any CPU
		{4E4DA7E1-682E-4E96-9CFD-EF455C4A8964}.Release|Any CPU.Build.0 = Release|Any CPU
	EndGlobalSection
	GlobalSection(SolutionProperties) = preSolution
		HideSolutionNode = FALSE
	EndGlobalSection
	GlobalSection(ExtensibilityGlobals) = postSolution
		SolutionGuid = {1418CE80-53AB-48C3-A8C0-06CD706B4195}
	EndGlobalSection
EndGlobal
