
Microsoft Visual Studio Solution File, Format Version 12.00
# Visual Studio Version 17
VisualStudioVersion = 17.14.36603.0 d17.14
MinimumVisualStudioVersion = 10.0.40219.1
Project("{FAE04EC0-301F-11D3-BF4B-00C04F79EFBC}") = "转义字符练习 12.10", "转义字符练习 12.10\转义字符练习 12.10.csproj", "{3EFFFE1B-51BB-4146-96AD-F8E8FDBDBA79}"
EndProject
Global
	GlobalSection(SolutionConfigurationPlatforms) = preSolution
		Debug|Any CPU = Debug|Any CPU
		Release|Any CPU = Release|Any CPU
	EndGlobalSection
	GlobalSection(ProjectConfigurationPlatforms) = postSolution
		{3EFFFE1B-51BB-4146-96AD-F8E8FDBDBA79}.Debug|Any CPU.ActiveCfg = Debug|Any CPU
		{3EFFFE1B-51BB-4146-96AD-F8E8FDBDBA79}.Debug|Any CPU.Build.0 = Debug|Any CPU
		{3EFFFE1B-51BB-4146-96AD-F8E8FDBDBA79}.Release|Any CPU.ActiveCfg = Release|Any CPU
		{3EFFFE1B-51BB-4146-96AD-F8E8FDBDBA79}.Release|Any CPU.Build.0 = Release|Any CPU
	EndGlobalSection
	GlobalSection(SolutionProperties) = preSolution
		HideSolutionNode = FALSE
	EndGlobalSection
	GlobalSection(ExtensibilityGlobals) = postSolution
		SolutionGuid = {2DB4EC48-B217-4880-AB49-A41CE19A330B}
	EndGlobalSection
EndGlobal
