
Microsoft Visual Studio Solution File, Format Version 12.00
# Visual Studio Version 17
VisualStudioVersion = 17.14.36603.0 d17.14
MinimumVisualStudioVersion = 10.0.40219.1
Project("{FAE04EC0-301F-11D3-BF4B-00C04F79EFBC}") = "变量知识点练习 12.9", "变量知识点练习 12.9\变量知识点练习 12.9.csproj", "{8BC505B3-8FAF-457D-B976-BCCED2CEE0CA}"
EndProject
Global
	GlobalSection(SolutionConfigurationPlatforms) = preSolution
		Debug|Any CPU = Debug|Any CPU
		Release|Any CPU = Release|Any CPU
	EndGlobalSection
	GlobalSection(ProjectConfigurationPlatforms) = postSolution
		{8BC505B3-8FAF-457D-B976-BCCED2CEE0CA}.Debug|Any CPU.ActiveCfg = Debug|Any CPU
		{8BC505B3-8FAF-457D-B976-BCCED2CEE0CA}.Debug|Any CPU.Build.0 = Debug|Any CPU
		{8BC505B3-8FAF-457D-B976-BCCED2CEE0CA}.Release|Any CPU.ActiveCfg = Release|Any CPU
		{8BC505B3-8FAF-457D-B976-BCCED2CEE0CA}.Release|Any CPU.Build.0 = Release|Any CPU
	EndGlobalSection
	GlobalSection(SolutionProperties) = preSolution
		HideSolutionNode = FALSE
	EndGlobalSection
	GlobalSection(ExtensibilityGlobals) = postSolution
		SolutionGuid = {453CD188-409A-4538-86A5-ED895C7D0D6D}
	EndGlobalSection
EndGlobal
